
Microsoft Visual Studio Solution File, Format Version 12.00
# Visual Studio Version 17
VisualStudioVersion = 17.6.33723.286
MinimumVisualStudioVersion = 10.0.40219.1
Project("{9A19103F-16F7-4668-BE54-9A1E7A4F7556}") = "ControleDeHorasExtras", "HorasExtras\ControleDeHorasExtras.csproj", "{63A28BA6-7FA3-4D12-8D56-5A402B0E48AF}"
EndProject
Global
	GlobalSection(SolutionConfigurationPlatforms) = preSolution
		Debug|Any CPU = Debug|Any CPU
		Release|Any CPU = Release|Any CPU
	EndGlobalSection
	GlobalSection(ProjectConfigurationPlatforms) = postSolution
		{63A28BA6-7FA3-4D12-8D56-5A402B0E48AF}.Debug|Any CPU.ActiveCfg = Debug|Any CPU
		{63A28BA6-7FA3-4D12-8D56-5A402B0E48AF}.Debug|Any CPU.Build.0 = Debug|Any CPU
		{63A28BA6-7FA3-4D12-8D56-5A402B0E48AF}.Release|Any CPU.ActiveCfg = Release|Any CPU
		{63A28BA6-7FA3-4D12-8D56-5A402B0E48AF}.Release|Any CPU.Build.0 = Release|Any CPU
	EndGlobalSection
	GlobalSection(SolutionProperties) = preSolution
		HideSolutionNode = FALSE
	EndGlobalSection
	GlobalSection(ExtensibilityGlobals) = postSolution
		SolutionGuid = {D0058084-EE7F-461F-9CF3-BDC968290133}
	EndGlobalSection
EndGlobal
